// !$*UTF8*$!
{
	archiveVersion = 1;
	classes = {
	};
	objectVersion = 46;
	objects = {

/* Begin PBXBuildFile section */
		F583C5B01E95E36C00D7C4C0 /* AppDelegate.swift in Sources */ = {isa = PBXBuildFile; fileRef = F583C5AF1E95E36C00D7C4C0 /* AppDelegate.swift */; };
		F583C5B21E95E36C00D7C4C0 /* ViewController.swift in Sources */ = {isa = PBXBuildFile; fileRef = F583C5B11E95E36C00D7C4C0 /* ViewController.swift */; };
		F583C5B51E95E36C00D7C4C0 /* Main.storyboard in Resources */ = {isa = PBXBuildFile; fileRef = F583C5B31E95E36C00D7C4C0 /* Main.storyboard */; };
		F583C5B81E95E36C00D7C4C0 /* ImageCollector.xcdatamodeld in Sources */ = {isa = PBXBuildFile; fileRef = F583C5B61E95E36C00D7C4C0 /* ImageCollector.xcdatamodeld */; };
		F583C5BA1E95E36C00D7C4C0 /* Assets.xcassets in Resources */ = {isa = PBXBuildFile; fileRef = F583C5B91E95E36C00D7C4C0 /* Assets.xcassets */; };
		F583C5BD1E95E36C00D7C4C0 /* LaunchScreen.storyboard in Resources */ = {isa = PBXBuildFile; fileRef = F583C5BB1E95E36C00D7C4C0 /* LaunchScreen.storyboard */; };
/* End PBXBuildFile section */

/* Begin PBXFileReference section */
		F583C5AC1E95E36C00D7C4C0 /* ImageCollector.app */ = {isa = PBXFileReference; explicitFileType = wrapper.application; includeInIndex = 0; path = ImageCollector.app; sourceTree = BUILT_PRODUCTS_DIR; };
		F583C5AF1E95E36C00D7C4C0 /* AppDelegate.swift */ = {isa = PBXFileReference; lastKnownFileType = sourcecode.swift; path = AppDelegate.swift; sourceTree = "<group>"; };
		F583C5B11E95E36C00D7C4C0 /* ViewController.swift */ = {isa = PBXFileReference; lastKnownFileType = sourcecode.swift; path = ViewController.swift; sourceTree = "<group>"; };
		F583C5B41E95E36C00D7C4C0 /* Base */ = {isa = PBXFileReference; lastKnownFileType = file.storyboard; name = Base; path = Base.lproj/Main.storyboard; sourceTree = "<group>"; };
		F583C5B71E95E36C00D7C4C0 /* ImageCollector.xcdatamodel */ = {isa = PBXFileReference; lastKnownFileType = wrapper.xcdatamodel; path = ImageCollector.xcdatamodel; sourceTree = "<group>"; };
		F583C5B91E95E36C00D7C4C0 /* Assets.xcassets */ = {isa = PBXFileReference; lastKnownFileType = folder.assetcatalog; path = Assets.xcassets; sourceTree = "<group>"; };
		F583C5BC1E95E36C00D7C4C0 /* Base */ = {isa = PBXFileReference; lastKnownFileType = file.storyboard; name = Base; path = Base.lproj/LaunchScreen.storyboard; sourceTree = "<group>"; };
		F583C5BE1E95E36C00D7C4C0 /* Info.plist */ = {isa = PBXFileReference; lastKnownFileType = text.plist.xml; path = Info.plist; sourceTree = "<group>"; };
/* End PBXFileReference section */

/* Begin PBXFrameworksBuildPhase section */
		F583C5A91E95E36C00D7C4C0 /* Frameworks */ = {
			isa = PBXFrameworksBuildPhase;
			buildActionMask = 2147483647;
			files = (
			);
			runOnlyForDeploymentPostprocessing = 0;
		};
/* End PBXFrameworksBuildPhase section */

/* Begin PBXGroup section */
		F583C5A31E95E36C00D7C4C0 = {
			isa = PBXGroup;
			children = (
				F583C5AE1E95E36C00D7C4C0 /* ImageCollector */,
				F583C5AD1E95E36C00D7C4C0 /* Products */,
			);
			sourceTree = "<group>";
		};
		F583C5AD1E95E36C00D7C4C0 /* Products */ = {
			isa = PBXGroup;
			children = (
				F583C5AC1E95E36C00D7C4C0 /* ImageCollector.app */,
			);
			name = Products;
			sourceTree = "<group>";
		};
		F583C5AE1E95E36C00D7C4C0 /* ImageCollector */ = {
			isa = PBXGroup;
			children = (
				F583C5AF1E95E36C00D7C4C0 /* AppDelegate.swift */,
				F583C5B11E95E36C00D7C4C0 /* ViewController.swift */,
				F583C5B31E95E36C00D7C4C0 /* Main.storyboard */,
				F583C5B91E95E36C00D7C4C0 /* Assets.xcassets */,
				F583C5BB1E95E36C00D7C4C0 /* LaunchScreen.storyboard */,
				F583C5BE1E95E36C00D7C4C0 /* Info.plist */,
				F583C5B61E95E36C00D7C4C0 /* ImageCollector.xcdatamodeld */,
			);
			path = ImageCollector;
			sourceTree = "<group>";
		};
/* End PBXGroup section */

/* Begin PBXNativeTarget section */
		F583C5AB1E95E36C00D7C4C0 /* ImageCollector */ = {
			isa = PBXNativeTarget;
			buildConfigurationList = F583C5C11E95E36C00D7C4C0 /* Build configuration list for PBXNativeTarget "ImageCollector" */;
			buildPhases = (
				F583C5A81E95E36C00D7C4C0 /* Sources */,
				F583C5A91E95E36C00D7C4C0 /* Frameworks */,
				F583C5AA1E95E36C00D7C4C0 /* Resources */,
			);
			buildRules = (
			);
			dependencies = (
			);
			name = ImageCollector;
			productName = ImageCollector;
			productReference = F583C5AC1E95E36C00D7C4C0 /* ImageCollector.app */;
			productType = "com.apple.product-type.application";
		};
/* End PBXNativeTarget section */

/* Begin PBXProject section */
		F583C5A41E95E36C00D7C4C0 /* Project object */ = {
			isa = PBXProject;
			attributes = {
				LastSwiftUpdateCheck = 0820;
				LastUpgradeCheck = 0820;
				ORGANIZATIONNAME = "Huy Hoang";
				TargetAttributes = {
					F583C5AB1E95E36C00D7C4C0 = {
						CreatedOnToolsVersion = 8.2.1;
						ProvisioningStyle = Automatic;
					};
				};
			};
			buildConfigurationList = F583C5A71E95E36C00D7C4C0 /* Build configuration list for PBXProject "ImageCollector" */;
			compatibilityVersion = "Xcode 3.2";
			developmentRegion = English;
			hasScannedForEncodings = 0;
			knownRegions = (
				en,
				Base,
			);
			mainGroup = F583C5A31E95E36C00D7C4C0;
			productRefGroup = F583C5AD1E95E36C00D7C4C0 /* Products */;
			projectDirPath = "";
			projectRoot = "";
			targets = (
				F583C5AB1E95E36C00D7C4C0 /* ImageCollector */,
			);
		};
/* End PBXProject section */

/* Begin PBXResourcesBuildPhase section */
		F583C5AA1E95E36C00D7C4C0 /* Resources */ = {
			isa = PBXResourcesBuildPhase;
			buildActionMask = 2147483647;
			files = (
				F583C5BD1E95E36C00D7C4C0 /* LaunchScreen.storyboard in Resources */,
				F583C5BA1E95E36C00D7C4C0 /* Assets.xcassets in Resources */,
				F583C5B51E95E36C00D7C4C0 /* Main.storyboard in Resources */,
			);
			runOnlyForDeploymentPostprocessing = 0;
		};
/* End PBXResourcesBuildPhase section */

/* Begin PBXSourcesBuildPhase section */
		F583C5A81E95E36C00D7C4C0 /* Sources */ = {
			isa = PBXSourcesBuildPhase;
			buildActionMask = 2147483647;
			files = (
				F583C5B81E95E36C00D7C4C0 /* ImageCollector.xcdatamodeld in Sources */,
				F583C5B21E95E36C00D7C4C0 /* ViewController.swift in Sources */,
				F583C5B01E95E36C00D7C4C0 /* AppDelegate.swift in Sources */,
			);
			runOnlyForDeploymentPostprocessing = 0;
		};
/* End PBXSourcesBuildPhase section */

/* Begin PBXVariantGroup section */
		F583C5B31E95E36C00D7C4C0 /* Main.storyboard */ = {
			isa = PBXVariantGroup;
			children = (
				F583C5B41E95E36C00D7C4C0 /* Base */,
			);
			name = Main.storyboard;
			sourceTree = "<group>";
		};
		F583C5BB1E95E36C00D7C4C0 /* LaunchScreen.storyboard */ = {
			isa = PBXVariantGroup;
			children = (
				F583C5BC1E95E36C00D7C4C0 /* Base */,
			);
			name = LaunchScreen.storyboard;
			sourceTree = "<group>";
		};
/* End PBXVariantGroup section */

/* Begin XCBuildConfiguration section */
		F583C5BF1E95E36C00D7C4C0 /* Debug */ = {
			isa = XCBuildConfiguration;
			buildSettings = {
				ALWAYS_SEARCH_USER_PATHS = NO;
				CLANG_ANALYZER_NONNULL = YES;
				CLANG_CXX_LANGUAGE_STANDARD = "gnu++0x";
				CLANG_CXX_LIBRARY = "libc++";
				CLANG_ENABLE_MODULES = YES;
				CLANG_ENABLE_OBJC_ARC = YES;
				CLANG_WARN_BOOL_CONVERSION = YES;
				CLANG_WARN_CONSTANT_CONVERSION = YES;
				CLANG_WARN_DIRECT_OBJC_ISA_USAGE = YES_ERROR;
				CLANG_WARN_DOCUMENTATION_COMMENTS = YES;
				CLANG_WARN_EMPTY_BODY = YES;
				CLANG_WARN_ENUM_CONVERSION = YES;
				CLANG_WARN_INFINITE_RECURSION = YES;
				CLANG_WARN_INT_CONVERSION = YES;
				CLANG_WARN_OBJC_ROOT_CLASS = YES_ERROR;
				CLANG_WARN_SUSPICIOUS_MOVE = YES;
				CLANG_WARN_UNREACHABLE_CODE = YES;
				CLANG_WARN__DUPLICATE_METHOD_MATCH = YES;
				"CODE_SIGN_IDENTITY[sdk=iphoneos*]" = "iPhone Developer";
				COPY_PHASE_STRIP = NO;
				DEBUG_INFORMATION_FORMAT = dwarf;
				ENABLE_STRICT_OBJC_MSGSEND = YES;
				ENABLE_TESTABILITY = YES;
				GCC_C_LANGUAGE_STANDARD = gnu99;
				GCC_DYNAMIC_NO_PIC = NO;
				GCC_NO_COMMON_BLOCKS = YES;
				GCC_OPTIMIZATION_LEVEL = 0;
				GCC_PREPROCESSOR_DEFINITIONS = (
					"DEBUG=1",
					"$(inherited)",
				);
				GCC_WARN_64_TO_32_BIT_CONVERSION = YES;
				GCC_WARN_ABOUT_RETURN_TYPE = YES_ERROR;
				GCC_WARN_UNDECLARED_SELECTOR = YES;
				GCC_WARN_UNINITIALIZED_AUTOS = YES_AGGRESSIVE;
				GCC_WARN_UNUSED_FUNCTION = YES;
				GCC_WARN_UNUSED_VARIABLE = YES;
				IPHONEOS_DEPLOYMENT_TARGET = 10.2;
				MTL_ENABLE_DEBUG_INFO = YES;
				ONLY_ACTIVE_ARCH = YES;
				SDKROOT = iphoneos;
				SWIFT_ACTIVE_COMPILATION_CONDITIONS = DEBUG;
				SWIFT_OPTIMIZATION_LEVEL = "-Onone";
				TARGETED_DEVICE_FAMILY = "1,2";
			};
			name = Debug;
		};
		F583C5C01E95E36C00D7C4C0 /* Release */ = {
			isa = XCBuildConfiguration;
			buildSettings = {
				ALWAYS_SEARCH_USER_PATHS = NO;
				CLANG_ANALYZER_NONNULL = YES;
				CLANG_CXX_LANGUAGE_STANDARD = "gnu++0x";
				CLANG_CXX_LIBRARY = "libc++";
				CLANG_ENABLE_MODULES = YES;
				CLANG_ENABLE_OBJC_ARC = YES;
				CLANG_WARN_BOOL_CONVERSION = YES;
				CLANG_WARN_CONSTANT_CONVERSION = YES;
				CLANG_WARN_DIRECT_OBJC_ISA_USAGE = YES_ERROR;
				CLANG_WARN_DOCUMENTATION_COMMENTS = YES;
				CLANG_WARN_EMPTY_BODY = YES;
				CLANG_WARN_ENUM_CONVERSION = YES;
				CLANG_WARN_INFINITE_RECURSION = YES;
				CLANG_WARN_INT_CONVERSION = YES;
				CLANG_WARN_OBJC_ROOT_CLASS = YES_ERROR;
				CLANG_WARN_SUSPICIOUS_MOVE = YES;
				CLANG_WARN_UNREACHABLE_CODE = YES;
				CLANG_WARN__DUPLICATE_METHOD_MATCH = YES;
				"CODE_SIGN_IDENTITY[sdk=iphoneos*]" = "iPhone Developer";
				COPY_PHASE_STRIP = NO;
				DEBUG_INFORMATION_FORMAT = "dwarf-with-dsym";
				ENABLE_NS_ASSERTIONS = NO;
				ENABLE_STRICT_OBJC_MSGSEND = YES;
				GCC_C_LANGUAGE_STANDARD = gnu99;
				GCC_NO_COMMON_BLOCKS = YES;
				GCC_WARN_64_TO_32_BIT_CONVERSION = YES;
				GCC_WARN_ABOUT_RETURN_TYPE = YES_ERROR;
				GCC_WARN_UNDECLARED_SELECTOR = YES;
				GCC_WARN_UNINITIALIZED_AUTOS = YES_AGGRESSIVE;
				GCC_WARN_UNUSED_FUNCTION = YES;
				GCC_WARN_UNUSED_VARIABLE = YES;
				IPHONEOS_DEPLOYMENT_TARGET = 10.2;
				MTL_ENABLE_DEBUG_INFO = NO;
				SDKROOT = iphoneos;
				SWIFT_OPTIMIZATION_LEVEL = "-Owholemodule";
				TARGETED_DEVICE_FAMILY = "1,2";
				VALIDATE_PRODUCT = YES;
			};
			name = Release;
		};
		F583C5C21E95E36C00D7C4C0 /* Debug */ = {
			isa = XCBuildConfiguration;
			buildSettings = {
				ASSETCATALOG_COMPILER_APPICON_NAME = AppIcon;
				INFOPLIST_FILE = ImageCollector/Info.plist;
				LD_RUNPATH_SEARCH_PATHS = "$(inherited) @executable_path/Frameworks";
				PRODUCT_BUNDLE_IDENTIFIER = "Huy-Hoang.ImageCollector";
				PRODUCT_NAME = "$(TARGET_NAME)";
				SWIFT_VERSION = 3.0;
			};
			name = Debug;
		};
		F583C5C31E95E36C00D7C4C0 /* Release */ = {
			isa = XCBuildConfiguration;
			buildSettings = {
				ASSETCATALOG_COMPILER_APPICON_NAME = AppIcon;
				INFOPLIST_FILE = ImageCollector/Info.plist;
				LD_RUNPATH_SEARCH_PATHS = "$(inherited) @executable_path/Frameworks";
				PRODUCT_BUNDLE_IDENTIFIER = "Huy-Hoang.ImageCollector";
				PRODUCT_NAME = "$(TARGET_NAME)";
				SWIFT_VERSION = 3.0;
			};
			name = Release;
		};
/* End XCBuildConfiguration section */

/* Begin XCConfigurationList section */
		F583C5A71E95E36C00D7C4C0 /* Build configuration list for PBXProject "ImageCollector" */ = {
			isa = XCConfigurationList;
			buildConfigurations = (
				F583C5BF1E95E36C00D7C4C0 /* Debug */,
				F583C5C01E95E36C00D7C4C0 /* Release */,
			);
			defaultConfigurationIsVisible = 0;
			defaultConfigurationName = Release;
		};
		F583C5C11E95E36C00D7C4C0 /* Build configuration list for PBXNativeTarget "ImageCollector" */ = {
			isa = XCConfigurationList;
			buildConfigurations = (
				F583C5C21E95E36C00D7C4C0 /* Debug */,
				F583C5C31E95E36C00D7C4C0 /* Release */,
			);
			defaultConfigurationIsVisible = 0;
		};
/* End XCConfigurationList section */

/* Begin XCVersionGroup section */
		F583C5B61E95E36C00D7C4C0 /* ImageCollector.xcdatamodeld */ = {
			isa = XCVersionGroup;
			children = (
				F583C5B71E95E36C00D7C4C0 /* ImageCollector.xcdatamodel */,
			);
			currentVersion = F583C5B71E95E36C00D7C4C0 /* ImageCollector.xcdatamodel */;
			path = ImageCollector.xcdatamodeld;
			sourceTree = "<group>";
			versionGroupType = wrapper.xcdatamodel;
		};
/* End XCVersionGroup section */
	};
	rootObject = F583C5A41E95E36C00D7C4C0 /* Project object */;
}
